
Microsoft Visual Studio Solution File, Format Version 12.00
# Visual Studio Version 16
VisualStudioVersion = 16.0.31025.194
MinimumVisualStudioVersion = 10.0.40219.1
Project("{9A19103F-16F7-4668-BE54-9A1E7A4F7556}") = "DatingApp.API", "DatingApp.API.csproj", "{AA56CF7F-B70B-4A2A-84A9-724CED04368E}"
EndProject
Global
	GlobalSection(SolutionConfigurationPlatforms) = preSolution
		Debug|Any CPU = Debug|Any CPU
		Release|Any CPU = Release|Any CPU
	EndGlobalSection
	GlobalSection(ProjectConfigurationPlatforms) = postSolution
		{AA56CF7F-B70B-4A2A-84A9-724CED04368E}.Debug|Any CPU.ActiveCfg = Debug|Any CPU
		{AA56CF7F-B70B-4A2A-84A9-724CED04368E}.Debug|Any CPU.Build.0 = Debug|Any CPU
		{AA56CF7F-B70B-4A2A-84A9-724CED04368E}.Release|Any CPU.ActiveCfg = Release|Any CPU
		{AA56CF7F-B70B-4A2A-84A9-724CED04368E}.Release|Any CPU.Build.0 = Release|Any CPU
	EndGlobalSection
	GlobalSection(SolutionProperties) = preSolution
		HideSolutionNode = FALSE
	EndGlobalSection
	GlobalSection(ExtensibilityGlobals) = postSolution
		SolutionGuid = {9E657D8B-C4D6-43D5-8250-D32B0699DD02}
	EndGlobalSection
EndGlobal
